<Solution>
  <Folder Name="/src/">
    <Project Path="src/Flit.Admin.Domain/Flit.Admin.Domain.csproj" />
    <Project Path="src/Flit.Admin.Application/Flit.Admin.Application.csproj" />
    <Project Path="src/Flit.Analytics.Application/Flit.Analytics.Application.csproj" />
    <Project Path="src/Flit.Queries.Domain/Flit.Queries.Domain.csproj" />
    <Project Path="src/Flit.Api/Flit.Api.csproj" />
    <Project Path="src/Flit.Gateway/Flit.Gateway.csproj" />
    <Project Path="src/Flit.Infrastructure/Flit.Infrastructure.csproj" />
    <Project Path="src/Flit.Tramites.Domain/Flit.Tramites.Domain.csproj" />
    <Project Path="src/Flit.Tramites.Application/Flit.Tramites.Application.csproj" />
    <Project Path="src/Flit.Modules.Security.Application/Flit.Modules.Security.Application.csproj" />
    <Project Path="src/Flit.Modules.Security.Domain/Flit.Modules.Security.Domain.csproj" />
    <Project Path="src/Flit.Modules.Improntas.Domain/Flit.Modules.Improntas.Domain.csproj" />
    <Project Path="src/Flit.Modules.Quipux.Domain/Flit.Modules.Quipux.Domain.csproj" />
    <Project Path="src/Flit.Modules.Quipux.Application/Flit.Modules.Quipux.Application.csproj" />
  </Folder>
  <Folder Name="/tests/">
    <Project Path="tests/Flit.Infrastructure.Tests/Flit.Infrastructure.Tests.csproj" />
    <Project Path="tests/Flit.Tramites.Application.Tests/Flit.Tramites.Application.Tests.csproj" />
    <Project Path="tests/Flit.Tramites.Domain.Tests/Flit.Tramites.Domain.Tests.csproj" />
    <Project Path="tests/Flit.Modules.Security.Application.Tests/Flit.Modules.Security.Application.Tests.csproj" />
    <Project Path="tests/Flit.Admin.Tests/Flit.Admin.Tests.csproj" />
    <Project Path="tests/Flit.Analytics.Application.Tests/Flit.Analytics.Application.Tests.csproj" />
    <Project Path="tests/Flit.Modules.Quipux.Application.Tests/Flit.Modules.Quipux.Application.Tests.csproj" />
    <Project Path="tests/Flit.DataMigration.Tests/Flit.DataMigration.Tests.csproj" />
  </Folder>
  <!--
    Migracion V1 -> V2. Vive en tools/ y no en src/ a proposito: es andamiaje temporal que se
    borra entero el dia que V1 se apague, sin tocar el arbol de producto. Sonar solo mira src
    (sonar-project.properties), asi que tampoco entra en las puertas de cobertura.
  -->
  <Folder Name="/tools/">
    <Project Path="tools/Flit.DataMigration.Core/Flit.DataMigration.Core.csproj" />
    <Project Path="tools/Flit.DataMigration.V1/Flit.DataMigration.V1.csproj" />
    <Project Path="tools/Flit.DataMigration.Api/Flit.DataMigration.Api.csproj" />
  </Folder>
</Solution>
